
Microsoft Visual Studio Solution File, Format Version 12.00
# Visual Studio Version 17
VisualStudioVersion = 17.3.32819.101
MinimumVisualStudioVersion = 10.0.40219.1
Project("{8BC9CEB8-8B4A-11D0-8D11-00A0C91BC942}") = "Lab !", "Lab !\Lab !.vcxproj", "{9CD4BD77-9476-4E40-BAE7-CE3E54650192}"
EndProject
Global
	GlobalSection(SolutionConfigurationPlatforms) = preSolution
		Debug|x64 = Debug|x64
		Debug|x86 = Debug|x86
		Release|x64 = Release|x64
		Release|x86 = Release|x86
	EndGlobalSection
	GlobalSection(ProjectConfigurationPlatforms) = postSolution
		{9CD4BD77-9476-4E40-BAE7-CE3E54650192}.Debug|x64.ActiveCfg = Debug|x64
		{9CD4BD77-9476-4E40-BAE7-CE3E54650192}.Debug|x64.Build.0 = Debug|x64
		{9CD4BD77-9476-4E40-BAE7-CE3E54650192}.Debug|x86.ActiveCfg = Debug|Win32
		{9CD4BD77-9476-4E40-BAE7-CE3E54650192}.Debug|x86.Build.0 = Debug|Win32
		{9CD4BD77-9476-4E40-BAE7-CE3E54650192}.Release|x64.ActiveCfg = Release|x64
		{9CD4BD77-9476-4E40-BAE7-CE3E54650192}.Release|x64.Build.0 = Release|x64
		{9CD4BD77-9476-4E40-BAE7-CE3E54650192}.Release|x86.ActiveCfg = Release|Win32
		{9CD4BD77-9476-4E40-BAE7-CE3E54650192}.Release|x86.Build.0 = Release|Win32
	EndGlobalSection
	GlobalSection(SolutionProperties) = preSolution
		HideSolutionNode = FALSE
	EndGlobalSection
	GlobalSection(ExtensibilityGlobals) = postSolution
		SolutionGuid = {A70B418C-930F-4900-8537-EB859CB707E9}
	EndGlobalSection
EndGlobal
